
Microsoft Visual Studio Solution File, Format Version 12.00
# Visual Studio Version 16
VisualStudioVersion = 16.0.31112.23
MinimumVisualStudioVersion = 10.0.40219.1
Project("{FAE04EC0-301F-11D3-BF4B-00C04F79EFBC}") = "Wpf2048GameApp", "Wpf2048GameApp\Wpf2048GameApp.csproj", "{A2A98F99-5ABC-49EE-ACE0-5BD856A0D876}"
EndProject
Global
	GlobalSection(SolutionConfigurationPlatforms) = preSolution
		Debug|Any CPU = Debug|Any CPU
		Release|Any CPU = Release|Any CPU
	EndGlobalSection
	GlobalSection(ProjectConfigurationPlatforms) = postSolution
		{A2A98F99-5ABC-49EE-ACE0-5BD856A0D876}.Debug|Any CPU.ActiveCfg = Debug|Any CPU
		{A2A98F99-5ABC-49EE-ACE0-5BD856A0D876}.Debug|Any CPU.Build.0 = Debug|Any CPU
		{A2A98F99-5ABC-49EE-ACE0-5BD856A0D876}.Release|Any CPU.ActiveCfg = Release|Any CPU
		{A2A98F99-5ABC-49EE-ACE0-5BD856A0D876}.Release|Any CPU.Build.0 = Release|Any CPU
	EndGlobalSection
	GlobalSection(SolutionProperties) = preSolution
		HideSolutionNode = FALSE
	EndGlobalSection
	GlobalSection(ExtensibilityGlobals) = postSolution
		SolutionGuid = {F41B5D08-10DA-4756-92B8-D7C77FE4B05C}
	EndGlobalSection
EndGlobal
